
Microsoft Visual Studio Solution File, Format Version 12.00
# Visual Studio Version 17
VisualStudioVersion = 17.4.32804.182
MinimumVisualStudioVersion = 10.0.40219.1
Project("{9A19103F-16F7-4668-BE54-9A1E7A4F7556}") = "WebDriverUpdateDetector", "WebDriverUpdateDetector.csproj", "{14574B25-805B-42A3-B3AB-7BFE863EAD7E}"
EndProject
Global
	GlobalSection(SolutionConfigurationPlatforms) = preSolution
		Debug|Any CPU = Debug|Any CPU
		Release|Any CPU = Release|Any CPU
	EndGlobalSection
	GlobalSection(ProjectConfigurationPlatforms) = postSolution
		{14574B25-805B-42A3-B3AB-7BFE863EAD7E}.Debug|Any CPU.ActiveCfg = Debug|Any CPU
		{14574B25-805B-42A3-B3AB-7BFE863EAD7E}.Debug|Any CPU.Build.0 = Debug|Any CPU
		{14574B25-805B-42A3-B3AB-7BFE863EAD7E}.Release|Any CPU.ActiveCfg = Release|Any CPU
		{14574B25-805B-42A3-B3AB-7BFE863EAD7E}.Release|Any CPU.Build.0 = Release|Any CPU
	EndGlobalSection
	GlobalSection(SolutionProperties) = preSolution
		HideSolutionNode = FALSE
	EndGlobalSection
	GlobalSection(ExtensibilityGlobals) = postSolution
		SolutionGuid = {5C1F383E-3311-4845-806B-F0E65D205C71}
	EndGlobalSection
EndGlobal
